
Microsoft Visual Studio Solution File, Format Version 12.00
# Visual Studio Version 16
VisualStudioVersion = 16.0.31229.75
MinimumVisualStudioVersion = 10.0.40219.1
Project("{FAE04EC0-301F-11D3-BF4B-00C04F79EFBC}") = "практика", "практика.csproj", "{82181A3B-D861-4893-9275-1103B54C6E8E}"
EndProject
Global
	GlobalSection(SolutionConfigurationPlatforms) = preSolution
		Debug|Any CPU = Debug|Any CPU
		Release|Any CPU = Release|Any CPU
	EndGlobalSection
	GlobalSection(ProjectConfigurationPlatforms) = postSolution
		{82181A3B-D861-4893-9275-1103B54C6E8E}.Debug|Any CPU.ActiveCfg = Debug|Any CPU
		{82181A3B-D861-4893-9275-1103B54C6E8E}.Debug|Any CPU.Build.0 = Debug|Any CPU
		{82181A3B-D861-4893-9275-1103B54C6E8E}.Release|Any CPU.ActiveCfg = Release|Any CPU
		{82181A3B-D861-4893-9275-1103B54C6E8E}.Release|Any CPU.Build.0 = Release|Any CPU
	EndGlobalSection
	GlobalSection(SolutionProperties) = preSolution
		HideSolutionNode = FALSE
	EndGlobalSection
	GlobalSection(ExtensibilityGlobals) = postSolution
		SolutionGuid = {15B06A6E-99AE-45C4-AA5D-76ABCB0D0886}
	EndGlobalSection
EndGlobal
